
Microsoft Visual Studio Solution File, Format Version 12.00
# Visual Studio Version 16
VisualStudioVersion = 16.0.29613.14
MinimumVisualStudioVersion = 10.0.40219.1
Project("{FAE04EC0-301F-11D3-BF4B-00C04F79EFBC}") = "HelloPowerBiMsal", "HelloPowerBiMsal\HelloPowerBiMsal.csproj", "{1158336E-7600-460D-BC92-36BEDC6E4FC4}"
EndProject
Global
	GlobalSection(SolutionConfigurationPlatforms) = preSolution
		Debug|Any CPU = Debug|Any CPU
		Release|Any CPU = Release|Any CPU
	EndGlobalSection
	GlobalSection(ProjectConfigurationPlatforms) = postSolution
		{1158336E-7600-460D-BC92-36BEDC6E4FC4}.Debug|Any CPU.ActiveCfg = Debug|Any CPU
		{1158336E-7600-460D-BC92-36BEDC6E4FC4}.Debug|Any CPU.Build.0 = Debug|Any CPU
		{1158336E-7600-460D-BC92-36BEDC6E4FC4}.Release|Any CPU.ActiveCfg = Release|Any CPU
		{1158336E-7600-460D-BC92-36BEDC6E4FC4}.Release|Any CPU.Build.0 = Release|Any CPU
	EndGlobalSection
	GlobalSection(SolutionProperties) = preSolution
		HideSolutionNode = FALSE
	EndGlobalSection
	GlobalSection(ExtensibilityGlobals) = postSolution
		SolutionGuid = {F0CC9FCC-F7A0-4270-864C-8D5CFAC59D3B}
	EndGlobalSection
EndGlobal
