
Microsoft Visual Studio Solution File, Format Version 12.00
# Visual Studio Version 16
VisualStudioVersion = 16.0.30128.74
MinimumVisualStudioVersion = 10.0.40219.1
Project("{FAE04EC0-301F-11D3-BF4B-00C04F79EFBC}") = "UserOwnsData", "UserOwnsData\UserOwnsData.csproj", "{37834580-333A-4E62-875C-D6D7210FD931}"
EndProject
Global
	GlobalSection(SolutionConfigurationPlatforms) = preSolution
		Debug|Any CPU = Debug|Any CPU
		Release|Any CPU = Release|Any CPU
	EndGlobalSection
	GlobalSection(ProjectConfigurationPlatforms) = postSolution
		{37834580-333A-4E62-875C-D6D7210FD931}.Debug|Any CPU.ActiveCfg = Debug|Any CPU
		{37834580-333A-4E62-875C-D6D7210FD931}.Debug|Any CPU.Build.0 = Debug|Any CPU
		{37834580-333A-4E62-875C-D6D7210FD931}.Release|Any CPU.ActiveCfg = Release|Any CPU
		{37834580-333A-4E62-875C-D6D7210FD931}.Release|Any CPU.Build.0 = Release|Any CPU
	EndGlobalSection
	GlobalSection(SolutionProperties) = preSolution
		HideSolutionNode = FALSE
	EndGlobalSection
	GlobalSection(ExtensibilityGlobals) = postSolution
		SolutionGuid = {E32D5A75-4E35-440B-A54F-FD9E8291BD49}
	EndGlobalSection
EndGlobal
